
Microsoft Visual Studio Solution File, Format Version 12.00
# Visual Studio Version 16
VisualStudioVersion = 16.0.31515.178
MinimumVisualStudioVersion = 10.0.40219.1
Project("{FAE04EC0-301F-11D3-BF4B-00C04F79EFBC}") = "WebApplicationIdentity", "WebApplicationIdentity\WebApplicationIdentity.csproj", "{FBC92873-6556-4726-9879-A5FA09042418}"
EndProject
Global
	GlobalSection(SolutionConfigurationPlatforms) = preSolution
		Debug|Any CPU = Debug|Any CPU
		Release|Any CPU = Release|Any CPU
	EndGlobalSection
	GlobalSection(ProjectConfigurationPlatforms) = postSolution
		{FBC92873-6556-4726-9879-A5FA09042418}.Debug|Any CPU.ActiveCfg = Debug|Any CPU
		{FBC92873-6556-4726-9879-A5FA09042418}.Debug|Any CPU.Build.0 = Debug|Any CPU
		{FBC92873-6556-4726-9879-A5FA09042418}.Release|Any CPU.ActiveCfg = Release|Any CPU
		{FBC92873-6556-4726-9879-A5FA09042418}.Release|Any CPU.Build.0 = Release|Any CPU
	EndGlobalSection
	GlobalSection(SolutionProperties) = preSolution
		HideSolutionNode = FALSE
	EndGlobalSection
	GlobalSection(ExtensibilityGlobals) = postSolution
		SolutionGuid = {40111D78-A469-4E91-A14C-611DDD4EA999}
	EndGlobalSection
EndGlobal
